// !$*UTF8*$!
{
	archiveVersion = 1;
	classes = {
	};
	objectVersion = 46;
	objects = {

/* Begin PBXBuildFile section */
		39254CDE1E7C70A80018D022 /* AppDelegate.swift in Sources */ = {isa = PBXBuildFile; fileRef = 39254CDD1E7C70A80018D022 /* AppDelegate.swift */; };
		39254CE31E7C70A80018D022 /* Main.storyboard in Resources */ = {isa = PBXBuildFile; fileRef = 39254CE11E7C70A80018D022 /* Main.storyboard */; };
		39254CE51E7C70A80018D022 /* Assets.xcassets in Resources */ = {isa = PBXBuildFile; fileRef = 39254CE41E7C70A80018D022 /* Assets.xcassets */; };
		39254CE81E7C70A80018D022 /* LaunchScreen.storyboard in Resources */ = {isa = PBXBuildFile; fileRef = 39254CE61E7C70A80018D022 /* LaunchScreen.storyboard */; };
		39254CF01E7C729C0018D022 /* Authorization.storyboard in Resources */ = {isa = PBXBuildFile; fileRef = 39254CEF1E7C729C0018D022 /* Authorization.storyboard */; };
		39254CF21E7C72A80018D022 /* User.swift in Sources */ = {isa = PBXBuildFile; fileRef = 39254CF11E7C72A80018D022 /* User.swift */; };
		39254CF51E7C73DD0018D022 /* Log.swift in Sources */ = {isa = PBXBuildFile; fileRef = 39254CF41E7C73DD0018D022 /* Log.swift */; };
		39254CF71E7C73F90018D022 /* LogType.swift in Sources */ = {isa = PBXBuildFile; fileRef = 39254CF61E7C73F90018D022 /* LogType.swift */; };
		39254CF91E7C75BD0018D022 /* Registration.storyboard in Resources */ = {isa = PBXBuildFile; fileRef = 39254CF81E7C75BD0018D022 /* Registration.storyboard */; };
		39254CFC1E7C7A570018D022 /* RegistrationViewController.swift in Sources */ = {isa = PBXBuildFile; fileRef = 39254CFB1E7C7A570018D022 /* RegistrationViewController.swift */; };
		39254CFE1E7C896F0018D022 /* AuthorizationViewController.swift in Sources */ = {isa = PBXBuildFile; fileRef = 39254CFD1E7C896F0018D022 /* AuthorizationViewController.swift */; };
		39254D011E7C8D960018D022 /* NSRange+Extension.swift in Sources */ = {isa = PBXBuildFile; fileRef = 39254D001E7C8D960018D022 /* NSRange+Extension.swift */; };
		39254D071E7C91670018D022 /* SettingsTableViewController.swift in Sources */ = {isa = PBXBuildFile; fileRef = 39254D061E7C91670018D022 /* SettingsTableViewController.swift */; };
		39254D091E7C974E0018D022 /* Settings.storyboard in Resources */ = {isa = PBXBuildFile; fileRef = 39254D081E7C974E0018D022 /* Settings.storyboard */; };
/* End PBXBuildFile section */

/* Begin PBXFileReference section */
		39254CDA1E7C70A80018D022 /* Notes.app */ = {isa = PBXFileReference; explicitFileType = wrapper.application; includeInIndex = 0; path = Notes.app; sourceTree = BUILT_PRODUCTS_DIR; };
		39254CDD1E7C70A80018D022 /* AppDelegate.swift */ = {isa = PBXFileReference; lastKnownFileType = sourcecode.swift; path = AppDelegate.swift; sourceTree = "<group>"; };
		39254CE21E7C70A80018D022 /* Base */ = {isa = PBXFileReference; lastKnownFileType = file.storyboard; name = Base; path = Base.lproj/Main.storyboard; sourceTree = "<group>"; };
		39254CE41E7C70A80018D022 /* Assets.xcassets */ = {isa = PBXFileReference; lastKnownFileType = folder.assetcatalog; path = Assets.xcassets; sourceTree = "<group>"; };
		39254CE71E7C70A80018D022 /* Base */ = {isa = PBXFileReference; lastKnownFileType = file.storyboard; name = Base; path = Base.lproj/LaunchScreen.storyboard; sourceTree = "<group>"; };
		39254CE91E7C70A80018D022 /* Info.plist */ = {isa = PBXFileReference; lastKnownFileType = text.plist.xml; path = Info.plist; sourceTree = "<group>"; };
		39254CEF1E7C729C0018D022 /* Authorization.storyboard */ = {isa = PBXFileReference; fileEncoding = 4; lastKnownFileType = file.storyboard; path = Authorization.storyboard; sourceTree = "<group>"; };
		39254CF11E7C72A80018D022 /* User.swift */ = {isa = PBXFileReference; fileEncoding = 4; lastKnownFileType = sourcecode.swift; path = User.swift; sourceTree = "<group>"; };
		39254CF41E7C73DD0018D022 /* Log.swift */ = {isa = PBXFileReference; fileEncoding = 4; lastKnownFileType = sourcecode.swift; path = Log.swift; sourceTree = "<group>"; };
		39254CF61E7C73F90018D022 /* LogType.swift */ = {isa = PBXFileReference; fileEncoding = 4; lastKnownFileType = sourcecode.swift; path = LogType.swift; sourceTree = "<group>"; };
		39254CF81E7C75BD0018D022 /* Registration.storyboard */ = {isa = PBXFileReference; fileEncoding = 4; lastKnownFileType = file.storyboard; path = Registration.storyboard; sourceTree = "<group>"; };
		39254CFB1E7C7A570018D022 /* RegistrationViewController.swift */ = {isa = PBXFileReference; fileEncoding = 4; lastKnownFileType = sourcecode.swift; path = RegistrationViewController.swift; sourceTree = "<group>"; };
		39254CFD1E7C896F0018D022 /* AuthorizationViewController.swift */ = {isa = PBXFileReference; fileEncoding = 4; lastKnownFileType = sourcecode.swift; path = AuthorizationViewController.swift; sourceTree = "<group>"; };
		39254D001E7C8D960018D022 /* NSRange+Extension.swift */ = {isa = PBXFileReference; fileEncoding = 4; lastKnownFileType = sourcecode.swift; path = "NSRange+Extension.swift"; sourceTree = "<group>"; };
		39254D061E7C91670018D022 /* SettingsTableViewController.swift */ = {isa = PBXFileReference; fileEncoding = 4; lastKnownFileType = sourcecode.swift; path = SettingsTableViewController.swift; sourceTree = "<group>"; };
		39254D081E7C974E0018D022 /* Settings.storyboard */ = {isa = PBXFileReference; fileEncoding = 4; lastKnownFileType = file.storyboard; path = Settings.storyboard; sourceTree = "<group>"; };
/* End PBXFileReference section */

/* Begin PBXFrameworksBuildPhase section */
		39254CD71E7C70A80018D022 /* Frameworks */ = {
			isa = PBXFrameworksBuildPhase;
			buildActionMask = 2147483647;
			files = (
			);
			runOnlyForDeploymentPostprocessing = 0;
		};
/* End PBXFrameworksBuildPhase section */

/* Begin PBXGroup section */
		39254CD11E7C70A80018D022 = {
			isa = PBXGroup;
			children = (
				39254CDC1E7C70A80018D022 /* Notes */,
				39254CDB1E7C70A80018D022 /* Products */,
			);
			sourceTree = "<group>";
		};
		39254CDB1E7C70A80018D022 /* Products */ = {
			isa = PBXGroup;
			children = (
				39254CDA1E7C70A80018D022 /* Notes.app */,
			);
			name = Products;
			sourceTree = "<group>";
		};
		39254CDC1E7C70A80018D022 /* Notes */ = {
			isa = PBXGroup;
			children = (
				39254CF31E7C73C30018D022 /* Utilities */,
				39254CF11E7C72A80018D022 /* User.swift */,
				39254CDD1E7C70A80018D022 /* AppDelegate.swift */,
				39254CEF1E7C729C0018D022 /* Authorization.storyboard */,
				39254CF81E7C75BD0018D022 /* Registration.storyboard */,
				39254CE11E7C70A80018D022 /* Main.storyboard */,
				39254D081E7C974E0018D022 /* Settings.storyboard */,
				39254CE61E7C70A80018D022 /* LaunchScreen.storyboard */,
				39254D021E7C91030018D022 /* Register/Author */,
				39254D031E7C91270018D022 /* Settings */,
				39254CE41E7C70A80018D022 /* Assets.xcassets */,
				39254CE91E7C70A80018D022 /* Info.plist */,
			);
			path = Notes;
			sourceTree = "<group>";
		};
		39254CF31E7C73C30018D022 /* Utilities */ = {
			isa = PBXGroup;
			children = (
				39254CFF1E7C8D880018D022 /* Extensions */,
				39254CF41E7C73DD0018D022 /* Log.swift */,
				39254CF61E7C73F90018D022 /* LogType.swift */,
			);
			name = Utilities;
			sourceTree = "<group>";
		};
		39254CFF1E7C8D880018D022 /* Extensions */ = {
			isa = PBXGroup;
			children = (
				39254D001E7C8D960018D022 /* NSRange+Extension.swift */,
			);
			name = Extensions;
			sourceTree = "<group>";
		};
		39254D021E7C91030018D022 /* Register/Author */ = {
			isa = PBXGroup;
			children = (
				39254CFB1E7C7A570018D022 /* RegistrationViewController.swift */,
				39254CFD1E7C896F0018D022 /* AuthorizationViewController.swift */,
			);
			name = Register/Author;
			sourceTree = "<group>";
		};
		39254D031E7C91270018D022 /* Settings */ = {
			isa = PBXGroup;
			children = (
				39254D061E7C91670018D022 /* SettingsTableViewController.swift */,
			);
			name = Settings;
			sourceTree = "<group>";
		};
/* End PBXGroup section */

/* Begin PBXNativeTarget section */
		39254CD91E7C70A80018D022 /* Notes */ = {
			isa = PBXNativeTarget;
			buildConfigurationList = 39254CEC1E7C70A80018D022 /* Build configuration list for PBXNativeTarget "Notes" */;
			buildPhases = (
				39254CD61E7C70A80018D022 /* Sources */,
				39254CD71E7C70A80018D022 /* Frameworks */,
				39254CD81E7C70A80018D022 /* Resources */,
			);
			buildRules = (
			);
			dependencies = (
			);
			name = Notes;
			productName = Notes;
			productReference = 39254CDA1E7C70A80018D022 /* Notes.app */;
			productType = "com.apple.product-type.application";
		};
/* End PBXNativeTarget section */

/* Begin PBXProject section */
		39254CD21E7C70A80018D022 /* Project object */ = {
			isa = PBXProject;
			attributes = {
				LastSwiftUpdateCheck = 0820;
				LastUpgradeCheck = 0820;
				ORGANIZATIONNAME = Magomedkadiev;
				TargetAttributes = {
					39254CD91E7C70A80018D022 = {
						CreatedOnToolsVersion = 8.2.1;
						DevelopmentTeam = BB977G3K54;
						ProvisioningStyle = Automatic;
					};
				};
			};
			buildConfigurationList = 39254CD51E7C70A80018D022 /* Build configuration list for PBXProject "Notes" */;
			compatibilityVersion = "Xcode 3.2";
			developmentRegion = English;
			hasScannedForEncodings = 0;
			knownRegions = (
				en,
				Base,
			);
			mainGroup = 39254CD11E7C70A80018D022;
			productRefGroup = 39254CDB1E7C70A80018D022 /* Products */;
			projectDirPath = "";
			projectRoot = "";
			targets = (
				39254CD91E7C70A80018D022 /* Notes */,
			);
		};
/* End PBXProject section */

/* Begin PBXResourcesBuildPhase section */
		39254CD81E7C70A80018D022 /* Resources */ = {
			isa = PBXResourcesBuildPhase;
			buildActionMask = 2147483647;
			files = (
				39254CF91E7C75BD0018D022 /* Registration.storyboard in Resources */,
				39254CF01E7C729C0018D022 /* Authorization.storyboard in Resources */,
				39254CE81E7C70A80018D022 /* LaunchScreen.storyboard in Resources */,
				39254D091E7C974E0018D022 /* Settings.storyboard in Resources */,
				39254CE51E7C70A80018D022 /* Assets.xcassets in Resources */,
				39254CE31E7C70A80018D022 /* Main.storyboard in Resources */,
			);
			runOnlyForDeploymentPostprocessing = 0;
		};
/* End PBXResourcesBuildPhase section */

/* Begin PBXSourcesBuildPhase section */
		39254CD61E7C70A80018D022 /* Sources */ = {
			isa = PBXSourcesBuildPhase;
			buildActionMask = 2147483647;
			files = (
				39254D011E7C8D960018D022 /* NSRange+Extension.swift in Sources */,
				39254CFE1E7C896F0018D022 /* AuthorizationViewController.swift in Sources */,
				39254CFC1E7C7A570018D022 /* RegistrationViewController.swift in Sources */,
				39254CF71E7C73F90018D022 /* LogType.swift in Sources */,
				39254D071E7C91670018D022 /* SettingsTableViewController.swift in Sources */,
				39254CDE1E7C70A80018D022 /* AppDelegate.swift in Sources */,
				39254CF51E7C73DD0018D022 /* Log.swift in Sources */,
				39254CF21E7C72A80018D022 /* User.swift in Sources */,
			);
			runOnlyForDeploymentPostprocessing = 0;
		};
/* End PBXSourcesBuildPhase section */

/* Begin PBXVariantGroup section */
		39254CE11E7C70A80018D022 /* Main.storyboard */ = {
			isa = PBXVariantGroup;
			children = (
				39254CE21E7C70A80018D022 /* Base */,
			);
			name = Main.storyboard;
			sourceTree = "<group>";
		};
		39254CE61E7C70A80018D022 /* LaunchScreen.storyboard */ = {
			isa = PBXVariantGroup;
			children = (
				39254CE71E7C70A80018D022 /* Base */,
			);
			name = LaunchScreen.storyboard;
			sourceTree = "<group>";
		};
/* End PBXVariantGroup section */

/* Begin XCBuildConfiguration section */
		39254CEA1E7C70A80018D022 /* Debug */ = {
			isa = XCBuildConfiguration;
			buildSettings = {
				ALWAYS_SEARCH_USER_PATHS = NO;
				CLANG_ANALYZER_NONNULL = YES;
				CLANG_CXX_LANGUAGE_STANDARD = "gnu++0x";
				CLANG_CXX_LIBRARY = "libc++";
				CLANG_ENABLE_MODULES = YES;
				CLANG_ENABLE_OBJC_ARC = YES;
				CLANG_WARN_BOOL_CONVERSION = YES;
				CLANG_WARN_CONSTANT_CONVERSION = YES;
				CLANG_WARN_DIRECT_OBJC_ISA_USAGE = YES_ERROR;
				CLANG_WARN_DOCUMENTATION_COMMENTS = YES;
				CLANG_WARN_EMPTY_BODY = YES;
				CLANG_WARN_ENUM_CONVERSION = YES;
				CLANG_WARN_INFINITE_RECURSION = YES;
				CLANG_WARN_INT_CONVERSION = YES;
				CLANG_WARN_OBJC_ROOT_CLASS = YES_ERROR;
				CLANG_WARN_SUSPICIOUS_MOVE = YES;
				CLANG_WARN_UNREACHABLE_CODE = YES;
				CLANG_WARN__DUPLICATE_METHOD_MATCH = YES;
				"CODE_SIGN_IDENTITY[sdk=iphoneos*]" = "iPhone Developer";
				COPY_PHASE_STRIP = NO;
				DEBUG_INFORMATION_FORMAT = dwarf;
				ENABLE_STRICT_OBJC_MSGSEND = YES;
				ENABLE_TESTABILITY = YES;
				GCC_C_LANGUAGE_STANDARD = gnu99;
				GCC_DYNAMIC_NO_PIC = NO;
				GCC_NO_COMMON_BLOCKS = YES;
				GCC_OPTIMIZATION_LEVEL = 0;
				GCC_PREPROCESSOR_DEFINITIONS = (
					"DEBUG=1",
					"$(inherited)",
				);
				GCC_WARN_64_TO_32_BIT_CONVERSION = YES;
				GCC_WARN_ABOUT_RETURN_TYPE = YES_ERROR;
				GCC_WARN_UNDECLARED_SELECTOR = YES;
				GCC_WARN_UNINITIALIZED_AUTOS = YES_AGGRESSIVE;
				GCC_WARN_UNUSED_FUNCTION = YES;
				GCC_WARN_UNUSED_VARIABLE = YES;
				IPHONEOS_DEPLOYMENT_TARGET = 10.2;
				MTL_ENABLE_DEBUG_INFO = YES;
				ONLY_ACTIVE_ARCH = YES;
				SDKROOT = iphoneos;
				SWIFT_ACTIVE_COMPILATION_CONDITIONS = DEBUG;
				SWIFT_OPTIMIZATION_LEVEL = "-Onone";
				TARGETED_DEVICE_FAMILY = "1,2";
			};
			name = Debug;
		};
		39254CEB1E7C70A80018D022 /* Release */ = {
			isa = XCBuildConfiguration;
			buildSettings = {
				ALWAYS_SEARCH_USER_PATHS = NO;
				CLANG_ANALYZER_NONNULL = YES;
				CLANG_CXX_LANGUAGE_STANDARD = "gnu++0x";
				CLANG_CXX_LIBRARY = "libc++";
				CLANG_ENABLE_MODULES = YES;
				CLANG_ENABLE_OBJC_ARC = YES;
				CLANG_WARN_BOOL_CONVERSION = YES;
				CLANG_WARN_CONSTANT_CONVERSION = YES;
				CLANG_WARN_DIRECT_OBJC_ISA_USAGE = YES_ERROR;
				CLANG_WARN_DOCUMENTATION_COMMENTS = YES;
				CLANG_WARN_EMPTY_BODY = YES;
				CLANG_WARN_ENUM_CONVERSION = YES;
				CLANG_WARN_INFINITE_RECURSION = YES;
				CLANG_WARN_INT_CONVERSION = YES;
				CLANG_WARN_OBJC_ROOT_CLASS = YES_ERROR;
				CLANG_WARN_SUSPICIOUS_MOVE = YES;
				CLANG_WARN_UNREACHABLE_CODE = YES;
				CLANG_WARN__DUPLICATE_METHOD_MATCH = YES;
				"CODE_SIGN_IDENTITY[sdk=iphoneos*]" = "iPhone Developer";
				COPY_PHASE_STRIP = NO;
				DEBUG_INFORMATION_FORMAT = "dwarf-with-dsym";
				ENABLE_NS_ASSERTIONS = NO;
				ENABLE_STRICT_OBJC_MSGSEND = YES;
				GCC_C_LANGUAGE_STANDARD = gnu99;
				GCC_NO_COMMON_BLOCKS = YES;
				GCC_WARN_64_TO_32_BIT_CONVERSION = YES;
				GCC_WARN_ABOUT_RETURN_TYPE = YES_ERROR;
				GCC_WARN_UNDECLARED_SELECTOR = YES;
				GCC_WARN_UNINITIALIZED_AUTOS = YES_AGGRESSIVE;
				GCC_WARN_UNUSED_FUNCTION = YES;
				GCC_WARN_UNUSED_VARIABLE = YES;
				IPHONEOS_DEPLOYMENT_TARGET = 10.2;
				MTL_ENABLE_DEBUG_INFO = NO;
				SDKROOT = iphoneos;
				SWIFT_OPTIMIZATION_LEVEL = "-Owholemodule";
				TARGETED_DEVICE_FAMILY = "1,2";
				VALIDATE_PRODUCT = YES;
			};
			name = Release;
		};
		39254CED1E7C70A80018D022 /* Debug */ = {
			isa = XCBuildConfiguration;
			buildSettings = {
				ASSETCATALOG_COMPILER_APPICON_NAME = AppIcon;
				DEVELOPMENT_TEAM = BB977G3K54;
				INFOPLIST_FILE = Notes/Info.plist;
				IPHONEOS_DEPLOYMENT_TARGET = 9.0;
				LD_RUNPATH_SEARCH_PATHS = "$(inherited) @executable_path/Frameworks";
				PRODUCT_BUNDLE_IDENTIFIER = Magomedkadiev.Notes;
				PRODUCT_NAME = "$(TARGET_NAME)";
				SWIFT_VERSION = 3.0;
			};
			name = Debug;
		};
		39254CEE1E7C70A80018D022 /* Release */ = {
			isa = XCBuildConfiguration;
			buildSettings = {
				ASSETCATALOG_COMPILER_APPICON_NAME = AppIcon;
				DEVELOPMENT_TEAM = BB977G3K54;
				INFOPLIST_FILE = Notes/Info.plist;
				IPHONEOS_DEPLOYMENT_TARGET = 9.0;
				LD_RUNPATH_SEARCH_PATHS = "$(inherited) @executable_path/Frameworks";
				PRODUCT_BUNDLE_IDENTIFIER = Magomedkadiev.Notes;
				PRODUCT_NAME = "$(TARGET_NAME)";
				SWIFT_VERSION = 3.0;
			};
			name = Release;
		};
/* End XCBuildConfiguration section */

/* Begin XCConfigurationList section */
		39254CD51E7C70A80018D022 /* Build configuration list for PBXProject "Notes" */ = {
			isa = XCConfigurationList;
			buildConfigurations = (
				39254CEA1E7C70A80018D022 /* Debug */,
				39254CEB1E7C70A80018D022 /* Release */,
			);
			defaultConfigurationIsVisible = 0;
			defaultConfigurationName = Release;
		};
		39254CEC1E7C70A80018D022 /* Build configuration list for PBXNativeTarget "Notes" */ = {
			isa = XCConfigurationList;
			buildConfigurations = (
				39254CED1E7C70A80018D022 /* Debug */,
				39254CEE1E7C70A80018D022 /* Release */,
			);
			defaultConfigurationIsVisible = 0;
			defaultConfigurationName = Release;
		};
/* End XCConfigurationList section */
	};
	rootObject = 39254CD21E7C70A80018D022 /* Project object */;
}
